[[package]]
name = "ownership"
source = "path+from-root-8A067F669BC61EA7"
dependencies = [
    "src5",
    "std",
]

[[package]]
name = "reentrancy"
source = "path+from-root-8A067F669BC61EA7"
dependencies = ["std"]

[[package]]
name = "reentrancy_proxy_abi"
source = "path+from-root-8A067F669BC61EA7"
dependencies = [
    "src5",
    "std",
]

[[package]]
name = "reentrancy_proxy_contract"
source = "member"
dependencies = [
    "ownership",
    "reentrancy",
    "reentrancy_proxy_abi",
    "src14",
    "src5",
    "std",
    "upgradability",
]

[[package]]
name = "src14"
version = "0.8.0"
source = "registry+src14?0.8.0#QmQduNaJgjotgw2tz5KLv18PckFZP6zLH3Wzk7mqLfwgcu!"
dependencies = [
    "src5",
    "std",
]

[[package]]
name = "src5"
version = "0.8.0"
source = "registry+src5?0.8.0#QmNRPZrPHFBiEAyWPU8gesdPsD2zb3cMKwEgxJwV1ZEjyD!"
dependencies = ["std"]

[[package]]
name = "std"
version = "0.68.7"
source = "registry+std?0.68.7#QmXtvuy4DJqoVfTmMSygtwh5Zx9JvWsKfx2p83pXEGnZrC!"

[[package]]
name = "upgradability"
source = "path+from-root-8A067F669BC61EA7"
dependencies = [
    "src14",
    "src5",
    "std",
]
