[[package]]
name = "asset"
source = "member"
dependencies = [
    "src20",
    "src7",
    "std",
]

[[package]]
name = "src20"
version = "0.8.2"
source = "registry+src20?0.8.2#QmUiXq3uPWaf6BxLeNdm8sHsjwbwQ5DRvBGLezv2k5EZ26!"
dependencies = ["std"]

[[package]]
name = "src7"
version = "0.8.2"
source = "registry+src7?0.8.2#QmXxuQD9GR4sa5kybYBFf2w2HmBzvUqGN5ypbTmT6gp1V5!"
dependencies = ["std"]

[[package]]
name = "std"
version = "0.70.2"
source = "registry+std?0.70.2#QmWuWwmjn2vVDup2672LpToek8N58PYGJt2eH55M7ZzY2Y!"
