[[package]]
name = "bad_documentation"
source = "member"
dependencies = ["std"]

[[package]]
name = "connect_four"
source = "member"
dependencies = ["std"]

[[package]]
name = "core"
source = "path+from-root-2E654A91A5A21ADE"

[[package]]
name = "std"
source = "git+https://github.com/fuellabs/sway?tag=v0.66.6#986aee2c1e34c9cd958c81e7fd6b84638b26619b"
dependencies = ["core"]

[[package]]
name = "style_guide"
source = "member"
dependencies = ["std"]
