[[package]]
name = "bigint_test"
source = "member"
dependencies = [
    "std",
    "sway_libs",
]

[[package]]
name = "core"
source = "path+from-root-DD4F12EBC39CAB5B"

[[package]]
name = "standards"
source = "git+https://github.com/FuelLabs/sway-standards?tag=v0.6.0#65e09f95ea8b9476b171a66c8a47108f352fa32c"
dependencies = ["std"]

[[package]]
name = "std"
source = "git+https://github.com/fuellabs/sway?tag=v0.66.7#5ed7cec6dbcd42f0c2f84df8511a4c0007b1902e"
dependencies = ["core"]

[[package]]
name = "sway_libs"
source = "path+from-root-0F6BD27B7DBAC338"
dependencies = [
    "standards",
    "std",
]
