[[package]]
name = "asset"
source = "path+from-root-DD10FDD28FFC15C5"
dependencies = [
    "standards git+https://github.com/FuelLabs/sway-standards?tag=v0.7.1#1b00ccc05af5886ae3abd07a9a0ce6122738fc48",
    "std",
]

[[package]]
name = "basic_src3"
source = "member"
dependencies = [
    "asset",
    "standards git+https://github.com/FuelLabs/sway-standards?tag=v0.7.0#7d35df95e0b96dc8ad188ab169fbbeeac896aae8",
    "std",
]

[[package]]
name = "standards"
source = "git+https://github.com/FuelLabs/sway-standards?tag=v0.7.0#7d35df95e0b96dc8ad188ab169fbbeeac896aae8"
dependencies = ["std"]

[[package]]
name = "standards"
source = "git+https://github.com/FuelLabs/sway-standards?tag=v0.7.1#1b00ccc05af5886ae3abd07a9a0ce6122738fc48"
dependencies = [
    "std",
    "sway_libs",
]

[[package]]
name = "std"
source = "git+https://github.com/fuellabs/sway?tag=v0.68.4#1fb61fdc42054109c54a57544b9aeb88afd3cae8"

[[package]]
name = "sway_libs"
source = "git+https://github.com/FuelLabs/sway-libs?tag=v0.25.2#f43d8b4aacf60867989408991414958f8eab28c0"
dependencies = [
    "standards git+https://github.com/FuelLabs/sway-standards?tag=v0.7.0#7d35df95e0b96dc8ad188ab169fbbeeac896aae8",
    "std",
]
