[[package]]
name = "big_int"
source = "path+from-root-0F6BD27B7DBAC338"
dependencies = ["std"]

[[package]]
name = "bigint_test"
source = "member"
dependencies = [
    "big_int",
    "std",
]

[[package]]
name = "std"
version = "0.68.7"
source = "registry+std?0.68.7#QmXtvuy4DJqoVfTmMSygtwh5Zx9JvWsKfx2p83pXEGnZrC!"
