[[package]]
name = "asset"
source = "path+from-root-7578654C0362FA69"
dependencies = [
    "src20",
    "src7",
    "std",
]

[[package]]
name = "basic_src7"
source = "member"
dependencies = [
    "asset",
    "src7",
    "std",
]

[[package]]
name = "src20"
version = "0.8.2"
source = "registry+src20?0.8.2#QmUiXq3uPWaf6BxLeNdm8sHsjwbwQ5DRvBGLezv2k5EZ26!"
dependencies = ["std"]

[[package]]
name = "src7"
version = "0.8.3"
source = "registry+src7?0.8.3#QmWv6hJb4CDkw7reaFrp59hkGBM48YiEjDYsNDYmBWJ7NC!"
dependencies = ["std"]

[[package]]
name = "std"
version = "0.72.0"
source = "registry+std?0.72.0#QmTnRFTVHzAWatvZXEPVnaiJrs81CZLkYbEovHzPTyNyis!"
