[[package]]
name = "admin_examples"
source = "member"
dependencies = [
    "standards",
    "std",
    "sway_libs",
]

[[package]]
name = "base_docs"
source = "member"
dependencies = [
    "standards",
    "std",
    "sway_libs",
]

[[package]]
name = "basic_src20"
source = "member"
dependencies = [
    "standards",
    "std",
    "sway_libs",
]

[[package]]
name = "basic_src3"
source = "member"
dependencies = [
    "standards",
    "std",
    "sway_libs",
]

[[package]]
name = "basic_src7"
source = "member"
dependencies = [
    "standards",
    "std",
    "sway_libs",
]

[[package]]
name = "big_integers_examples"
source = "member"
dependencies = [
    "std",
    "sway_libs",
]

[[package]]
name = "bytecode_examples"
source = "member"
dependencies = [
    "std",
    "sway_libs",
]

[[package]]
name = "merkle_binary_examples"
source = "member"
dependencies = [
    "std",
    "sway_libs",
]

[[package]]
name = "merkle_sparse_examples"
source = "member"
dependencies = [
    "std",
    "sway_libs",
]

[[package]]
name = "metadata_docs"
source = "member"
dependencies = [
    "standards",
    "std",
    "sway_libs",
]

[[package]]
name = "ownership_configurable_examples"
source = "member"
dependencies = [
    "standards",
    "std",
    "sway_libs",
]

[[package]]
name = "ownership_examples"
source = "member"
dependencies = [
    "standards",
    "std",
    "sway_libs",
]

[[package]]
name = "pausable_example"
source = "member"
dependencies = [
    "std",
    "sway_libs",
]

[[package]]
name = "pausable_with_ownership_example"
source = "member"
dependencies = [
    "std",
    "sway_libs",
]

[[package]]
name = "queue_examples"
source = "member"
dependencies = [
    "std",
    "sway_libs",
]

[[package]]
name = "reentrancy_examples"
source = "member"
dependencies = [
    "std",
    "sway_libs",
]

[[package]]
name = "setting_src20_attributes"
source = "member"
dependencies = [
    "standards",
    "std",
    "sway_libs",
]

[[package]]
name = "setting_src7_attributes"
source = "member"
dependencies = [
    "standards",
    "std",
    "sway_libs",
]

[[package]]
name = "signed_integers_examples"
source = "member"
dependencies = [
    "std",
    "sway_libs",
]

[[package]]
name = "standards"
source = "git+https://github.com/FuelLabs/sway-standards?tag=v0.7.0#7d35df95e0b96dc8ad188ab169fbbeeac896aae8"
dependencies = ["std"]

[[package]]
name = "std"
source = "git+https://github.com/fuellabs/sway?tag=v0.68.2#05480bb07ed7b62e4123a2696ba22bce57ffb049"

[[package]]
name = "supply_docs"
source = "member"
dependencies = [
    "standards",
    "std",
    "sway_libs",
]

[[package]]
name = "sway_libs"
source = "path+from-root-9E88A97493D252A9"
dependencies = [
    "standards",
    "std",
]

[[package]]
name = "upgradability_examples"
source = "member"
dependencies = [
    "standards",
    "std",
    "sway_libs",
]
