[[package]]
name = "admin_examples"
source = "member"
dependencies = [
    "standards",
    "std",
    "sway_libs",
]

[[package]]
name = "base_docs"
source = "member"
dependencies = [
    "standards",
    "std",
    "sway_libs",
]

[[package]]
name = "basic_src20"
source = "member"
dependencies = [
    "standards",
    "std",
    "sway_libs",
]

[[package]]
name = "basic_src3"
source = "member"
dependencies = [
    "standards",
    "std",
    "sway_libs",
]

[[package]]
name = "basic_src7"
source = "member"
dependencies = [
    "standards",
    "std",
    "sway_libs",
]

[[package]]
name = "bytecode_examples"
source = "member"
dependencies = [
    "std",
    "sway_libs",
]

[[package]]
name = "core"
source = "path+from-root-7053AAA90CC5E690"

[[package]]
name = "merkle_examples"
source = "member"
dependencies = [
    "std",
    "sway_libs",
]

[[package]]
name = "metadata_docs"
source = "member"
dependencies = [
    "standards",
    "std",
    "sway_libs",
]

[[package]]
name = "ownership_examples"
source = "member"
dependencies = [
    "standards",
    "std",
    "sway_libs",
]

[[package]]
name = "pausable_example"
source = "member"
dependencies = [
    "std",
    "sway_libs",
]

[[package]]
name = "pausable_with_ownership_example"
source = "member"
dependencies = [
    "std",
    "sway_libs",
]

[[package]]
name = "queue_examples"
source = "member"
dependencies = [
    "std",
    "sway_libs",
]

[[package]]
name = "reentrancy_examples"
source = "member"
dependencies = [
    "std",
    "sway_libs",
]

[[package]]
name = "setting_src20_attributes"
source = "member"
dependencies = [
    "standards",
    "std",
    "sway_libs",
]

[[package]]
name = "setting_src7_attributes"
source = "member"
dependencies = [
    "standards",
    "std",
    "sway_libs",
]

[[package]]
name = "signed_integers_examples"
source = "member"
dependencies = [
    "std",
    "sway_libs",
]

[[package]]
name = "standards"
source = "git+https://github.com/FuelLabs/sway-standards?tag=v0.6.0#65e09f95ea8b9476b171a66c8a47108f352fa32c"
dependencies = ["std"]

[[package]]
name = "std"
source = "git+https://github.com/fuellabs/sway?tag=v0.66.2#31486c0b47669612acb7c64d66ecb50aea281282"
dependencies = ["core"]

[[package]]
name = "supply_docs"
source = "member"
dependencies = [
    "standards",
    "std",
    "sway_libs",
]

[[package]]
name = "sway_libs"
source = "path+from-root-9E88A97493D252A9"
dependencies = [
    "standards",
    "std",
]

[[package]]
name = "upgradability_examples"
source = "member"
dependencies = [
    "standards",
    "std",
    "sway_libs",
]
