[[package]]
name = "core"
source = "path+from-root-4F1FAAE4510FEB23"

[[package]]
name = "ownership"
source = "git+https://github.com/FuelLabs/sway-libs?tag=v0.19.0#dcbbec000a9051e71c0c21f4b720eebbb55c199a"
dependencies = [
    "src_5",
    "std",
]

[[package]]
name = "src20"
source = "git+https://github.com/FuelLabs/sway-standards?tag=v0.3.3#4198b4b07449ad16104cc8a0501f3013670fdcfd"
dependencies = ["std"]

[[package]]
name = "src3"
source = "git+https://github.com/FuelLabs/sway-standards?tag=v0.3.3#4198b4b07449ad16104cc8a0501f3013670fdcfd"
dependencies = ["std"]

[[package]]
name = "src5"
source = "git+https://github.com/FuelLabs/sway-standards?tag=v0.3.3#4198b4b07449ad16104cc8a0501f3013670fdcfd"
dependencies = ["std"]

[[package]]
name = "src_5"
source = "git+https://github.com/FuelLabs/sway-standards?tag=v0.2.2#6989cf8224b0d8aabea62f3d3c648fc754948705"
dependencies = ["std"]

[[package]]
name = "std"
source = "git+https://github.com/fuellabs/sway?tag=v0.51.1#d1e8f019c1da46273c3d3a72b385ce356ba2bc20"
dependencies = ["core"]

[[package]]
name = "swaypad"
source = "member"
dependencies = [
    "ownership",
    "src20",
    "src3",
    "src5",
    "std",
]
