[[package]]
name = "core"
source = "path+from-root-613FB6624F642151"

[[package]]
name = "standards"
source = "git+https://github.com/FuelLabs/sway-standards?tag=v0.6.0#65e09f95ea8b9476b171a66c8a47108f352fa32c"
dependencies = ["std"]

[[package]]
name = "std"
source = "git+https://github.com/fuellabs/sway?rev#fccc8a928f81bdefca4ef36edb764eb84bf685c0"
dependencies = ["core"]

[[package]]
name = "sway_libs"
source = "member"
dependencies = [
    "standards",
    "std",
]
