[[package]]
name = "core"
source = "path+from-root-7053AAA90CC5E690"

[[package]]
name = "reentrancy_proxy_abi"
source = "member"
dependencies = [
    "standards",
    "std",
]

[[package]]
name = "standards"
source = "git+https://github.com/FuelLabs/sway-standards?tag=v0.6.1#792639cdf391565e6e6a02482ea8a46d9604a6f5"
dependencies = ["std"]

[[package]]
name = "std"
source = "git+https://github.com/fuellabs/sway?tag=v0.66.2#31486c0b47669612acb7c64d66ecb50aea281282"
dependencies = ["core"]
