[[package]]
name = "src14"
version = "0.8.2"
source = "registry+src14?0.8.2#QmfU1MiScsFLLMQiPFZNuoijwpvZqQb6rQRHnadT5TGyXE!"
dependencies = [
    "src5",
    "std",
]

[[package]]
name = "src5"
version = "0.8.2"
source = "registry+src5?0.8.2#QmVxJGt3C8saPmAe14FtecN2bXcZfVfDwsebsgPZumUXs4!"
dependencies = ["std"]

[[package]]
name = "std"
version = "0.72.0"
source = "registry+std?0.72.0#QmTnRFTVHzAWatvZXEPVnaiJrs81CZLkYbEovHzPTyNyis!"

[[package]]
name = "upgradability"
source = "member"
dependencies = [
    "src14",
    "src5",
    "std",
]
